// !$*UTF8*$!
{
	archiveVersion = 1;
	classes = {
	};
	objectVersion = 77;
	objects = {

/* Begin PBXBuildFile section */
		7E21B2FE2FCAFA4700823738 /* SwiftProtobuf in Frameworks */ = {isa = PBXBuildFile; productRef = 7E21B2FD2FCAFA4700823738 /* SwiftProtobuf */; };
		7EAA00042FCBFF0000000001 /* FirebaseCore in Frameworks */ = {isa = PBXBuildFile; productRef = 7EAA00022FCBFF0000000001 /* FirebaseCore */; };
		7EAA00052FCBFF0000000001 /* FirebaseAuth in Frameworks */ = {isa = PBXBuildFile; productRef = 7EAA00032FCBFF0000000001 /* FirebaseAuth */; };
		7E6600042FD4A00000000001 /* GoogleSignIn in Frameworks */ = {isa = PBXBuildFile; productRef = 7E6600022FD4A00000000001 /* GoogleSignIn */; };
		7E6600052FD4A00000000001 /* GoogleSignInSwift in Frameworks */ = {isa = PBXBuildFile; productRef = 7E6600032FD4A00000000001 /* GoogleSignInSwift */; };
		7EDA00022FD0A00000000001 /* RoomStudioLiveActivity.appex in Embed Foundation Extensions */ = {isa = PBXBuildFile; fileRef = 7EDA00012FD0A00000000001 /* RoomStudioLiveActivity.appex */; settings = {ATTRIBUTES = (RemoveHeadersOnCopy, ); }; };
/* End PBXBuildFile section */

/* Begin PBXContainerItemProxy section */
		7E1EC7292FCA67840085D0D3 /* PBXContainerItemProxy */ = {
			isa = PBXContainerItemProxy;
			containerPortal = 7E1EC7132FCA67820085D0D3 /* Project object */;
			proxyType = 1;
			remoteGlobalIDString = 7E1EC71A2FCA67820085D0D3;
			remoteInfo = RoomStudioCapture;
		};
		7EDA000D2FD0A00000000001 /* PBXContainerItemProxy */ = {
			isa = PBXContainerItemProxy;
			containerPortal = 7E1EC7132FCA67820085D0D3 /* Project object */;
			proxyType = 1;
			remoteGlobalIDString = 7EDA00052FD0A00000000001;
			remoteInfo = RoomStudioLiveActivity;
		};
/* End PBXContainerItemProxy section */

/* Begin PBXCopyFilesBuildPhase section */
		7EDA00092FD0A00000000001 /* Embed Foundation Extensions */ = {
			isa = PBXCopyFilesBuildPhase;
			buildActionMask = 2147483647;
			dstPath = "";
			dstSubfolderSpec = 13;
			files = (
				7EDA00022FD0A00000000001 /* RoomStudioLiveActivity.appex in Embed Foundation Extensions */,
			);
			name = "Embed Foundation Extensions";
			runOnlyForDeploymentPostprocessing = 0;
		};
/* End PBXCopyFilesBuildPhase section */

/* Begin PBXFileReference section */
		7E1EC71B2FCA67820085D0D3 /* RoomStudioCapture.app */ = {isa = PBXFileReference; explicitFileType = wrapper.application; includeInIndex = 0; path = RoomStudioCapture.app; sourceTree = BUILT_PRODUCTS_DIR; };
		7E1EC7282FCA67840085D0D3 /* RoomStudioCaptureTests.xctest */ = {isa = PBXFileReference; explicitFileType = wrapper.cfbundle; includeInIndex = 0; path = RoomStudioCaptureTests.xctest; sourceTree = BUILT_PRODUCTS_DIR; };
		7EDA00012FD0A00000000001 /* RoomStudioLiveActivity.appex */ = {isa = PBXFileReference; explicitFileType = "wrapper.app-extension"; includeInIndex = 0; path = RoomStudioLiveActivity.appex; sourceTree = BUILT_PRODUCTS_DIR; };
/* End PBXFileReference section */

/* Begin PBXFileSystemSynchronizedBuildFileExceptionSet section */
		7EDA000F2FD0A00000000001 /* PBXFileSystemSynchronizedBuildFileExceptionSet */ = {
			isa = PBXFileSystemSynchronizedBuildFileExceptionSet;
			membershipExceptions = (
				Info.plist,
			);
			target = 7EDA00052FD0A00000000001 /* RoomStudioLiveActivity */;
		};
/* End PBXFileSystemSynchronizedBuildFileExceptionSet section */

/* Begin PBXFileSystemSynchronizedRootGroup section */
		7E1EC71D2FCA67820085D0D3 /* RoomStudioCapture */ = {
			isa = PBXFileSystemSynchronizedRootGroup;
			path = RoomStudioCapture;
			sourceTree = "<group>";
		};
		7E1EC72B2FCA67840085D0D3 /* RoomStudioCaptureTests */ = {
			isa = PBXFileSystemSynchronizedRootGroup;
			path = RoomStudioCaptureTests;
			sourceTree = "<group>";
		};
		7EDA00032FD0A00000000001 /* RoomStudioLiveActivity */ = {
			isa = PBXFileSystemSynchronizedRootGroup;
			exceptions = (
				7EDA000F2FD0A00000000001 /* PBXFileSystemSynchronizedBuildFileExceptionSet */,
			);
			path = RoomStudioLiveActivity;
			sourceTree = "<group>";
		};
		7EDA00042FD0A00000000001 /* RoomStudioShared */ = {
			isa = PBXFileSystemSynchronizedRootGroup;
			path = RoomStudioShared;
			sourceTree = "<group>";
		};
/* End PBXFileSystemSynchronizedRootGroup section */

/* Begin PBXFrameworksBuildPhase section */
		7E1EC7182FCA67820085D0D3 /* Frameworks */ = {
			isa = PBXFrameworksBuildPhase;
			buildActionMask = 2147483647;
			files = (
				7E21B2FE2FCAFA4700823738 /* SwiftProtobuf in Frameworks */,
				7EAA00042FCBFF0000000001 /* FirebaseCore in Frameworks */,
				7EAA00052FCBFF0000000001 /* FirebaseAuth in Frameworks */,
				7E6600042FD4A00000000001 /* GoogleSignIn in Frameworks */,
				7E6600052FD4A00000000001 /* GoogleSignInSwift in Frameworks */,
			);
			runOnlyForDeploymentPostprocessing = 0;
		};
		7E1EC7252FCA67840085D0D3 /* Frameworks */ = {
			isa = PBXFrameworksBuildPhase;
			buildActionMask = 2147483647;
			files = (
			);
			runOnlyForDeploymentPostprocessing = 0;
		};
		7EDA00072FD0A00000000001 /* Frameworks */ = {
			isa = PBXFrameworksBuildPhase;
			buildActionMask = 2147483647;
			files = (
			);
			runOnlyForDeploymentPostprocessing = 0;
		};
/* End PBXFrameworksBuildPhase section */

/* Begin PBXGroup section */
		7E1EC7122FCA67820085D0D3 = {
			isa = PBXGroup;
			children = (
				7E1EC71D2FCA67820085D0D3 /* RoomStudioCapture */,
				7EDA00042FD0A00000000001 /* RoomStudioShared */,
				7EDA00032FD0A00000000001 /* RoomStudioLiveActivity */,
				7E1EC72B2FCA67840085D0D3 /* RoomStudioCaptureTests */,
				7E1EC71C2FCA67820085D0D3 /* Products */,
			);
			sourceTree = "<group>";
		};
		7E1EC71C2FCA67820085D0D3 /* Products */ = {
			isa = PBXGroup;
			children = (
				7E1EC71B2FCA67820085D0D3 /* RoomStudioCapture.app */,
				7E1EC7282FCA67840085D0D3 /* RoomStudioCaptureTests.xctest */,
				7EDA00012FD0A00000000001 /* RoomStudioLiveActivity.appex */,
			);
			name = Products;
			sourceTree = "<group>";
		};
/* End PBXGroup section */

/* Begin PBXNativeTarget section */
		7E1EC71A2FCA67820085D0D3 /* RoomStudioCapture */ = {
			isa = PBXNativeTarget;
			buildConfigurationList = 7E1EC73C2FCA67840085D0D3 /* Build configuration list for PBXNativeTarget "RoomStudioCapture" */;
			buildPhases = (
				7E1EC7172FCA67820085D0D3 /* Sources */,
				7E1EC7182FCA67820085D0D3 /* Frameworks */,
				7E1EC7192FCA67820085D0D3 /* Resources */,
				7EDA00092FD0A00000000001 /* Embed Foundation Extensions */,
			);
			buildRules = (
			);
			dependencies = (
				7EDA000E2FD0A00000000001 /* PBXTargetDependency */,
			);
			fileSystemSynchronizedGroups = (
				7E1EC71D2FCA67820085D0D3 /* RoomStudioCapture */,
				7EDA00042FD0A00000000001 /* RoomStudioShared */,
			);
			name = RoomStudioCapture;
			packageProductDependencies = (
				7E21B2FD2FCAFA4700823738 /* SwiftProtobuf */,
				7EAA00022FCBFF0000000001 /* FirebaseCore */,
				7EAA00032FCBFF0000000001 /* FirebaseAuth */,
				7E6600022FD4A00000000001 /* GoogleSignIn */,
				7E6600032FD4A00000000001 /* GoogleSignInSwift */,
			);
			productName = RoomStudioCapture;
			productReference = 7E1EC71B2FCA67820085D0D3 /* RoomStudioCapture.app */;
			productType = "com.apple.product-type.application";
		};
		7E1EC7272FCA67840085D0D3 /* RoomStudioCaptureTests */ = {
			isa = PBXNativeTarget;
			buildConfigurationList = 7E1EC73F2FCA67840085D0D3 /* Build configuration list for PBXNativeTarget "RoomStudioCaptureTests" */;
			buildPhases = (
				7E1EC7242FCA67840085D0D3 /* Sources */,
				7E1EC7252FCA67840085D0D3 /* Frameworks */,
				7E1EC7262FCA67840085D0D3 /* Resources */,
			);
			buildRules = (
			);
			dependencies = (
				7E1EC72A2FCA67840085D0D3 /* PBXTargetDependency */,
			);
			fileSystemSynchronizedGroups = (
				7E1EC72B2FCA67840085D0D3 /* RoomStudioCaptureTests */,
			);
			name = RoomStudioCaptureTests;
			packageProductDependencies = (
			);
			productName = RoomStudioCaptureTests;
			productReference = 7E1EC7282FCA67840085D0D3 /* RoomStudioCaptureTests.xctest */;
			productType = "com.apple.product-type.bundle.unit-test";
		};
		7EDA00052FD0A00000000001 /* RoomStudioLiveActivity */ = {
			isa = PBXNativeTarget;
			buildConfigurationList = 7EDA000C2FD0A00000000001 /* Build configuration list for PBXNativeTarget "RoomStudioLiveActivity" */;
			buildPhases = (
				7EDA00062FD0A00000000001 /* Sources */,
				7EDA00072FD0A00000000001 /* Frameworks */,
				7EDA00082FD0A00000000001 /* Resources */,
			);
			buildRules = (
			);
			dependencies = (
			);
			fileSystemSynchronizedGroups = (
				7EDA00032FD0A00000000001 /* RoomStudioLiveActivity */,
				7EDA00042FD0A00000000001 /* RoomStudioShared */,
			);
			name = RoomStudioLiveActivity;
			packageProductDependencies = (
			);
			productName = RoomStudioLiveActivity;
			productReference = 7EDA00012FD0A00000000001 /* RoomStudioLiveActivity.appex */;
			productType = "com.apple.product-type.app-extension";
		};
/* End PBXNativeTarget section */

/* Begin PBXProject section */
		7E1EC7132FCA67820085D0D3 /* Project object */ = {
			isa = PBXProject;
			attributes = {
				BuildIndependentTargetsInParallel = 1;
				LastSwiftUpdateCheck = 2650;
				LastUpgradeCheck = 2650;
				TargetAttributes = {
					7E1EC71A2FCA67820085D0D3 = {
						CreatedOnToolsVersion = 26.5;
					};
					7E1EC7272FCA67840085D0D3 = {
						CreatedOnToolsVersion = 26.5;
						TestTargetID = 7E1EC71A2FCA67820085D0D3;
					};
					7EDA00052FD0A00000000001 = {
						CreatedOnToolsVersion = 26.5;
					};
				};
			};
			buildConfigurationList = 7E1EC7162FCA67820085D0D3 /* Build configuration list for PBXProject "RoomStudioCapture" */;
			developmentRegion = en;
			hasScannedForEncodings = 0;
			knownRegions = (
				en,
				Base,
			);
			mainGroup = 7E1EC7122FCA67820085D0D3;
			minimizedProjectReferenceProxies = 1;
			packageReferences = (
				7E21B2FC2FCAFA4700823738 /* XCRemoteSwiftPackageReference "swift-protobuf" */,
				7EAA00012FCBFF0000000001 /* XCRemoteSwiftPackageReference "firebase-ios-sdk" */,
				7E6600012FD4A00000000001 /* XCRemoteSwiftPackageReference "GoogleSignIn-iOS" */,
			);
			preferredProjectObjectVersion = 77;
			productRefGroup = 7E1EC71C2FCA67820085D0D3 /* Products */;
			projectDirPath = "";
			projectRoot = "";
			targets = (
				7E1EC71A2FCA67820085D0D3 /* RoomStudioCapture */,
				7EDA00052FD0A00000000001 /* RoomStudioLiveActivity */,
				7E1EC7272FCA67840085D0D3 /* RoomStudioCaptureTests */,
			);
		};
/* End PBXProject section */

/* Begin PBXResourcesBuildPhase section */
		7E1EC7192FCA67820085D0D3 /* Resources */ = {
			isa = PBXResourcesBuildPhase;
			buildActionMask = 2147483647;
			files = (
			);
			runOnlyForDeploymentPostprocessing = 0;
		};
		7E1EC7262FCA67840085D0D3 /* Resources */ = {
			isa = PBXResourcesBuildPhase;
			buildActionMask = 2147483647;
			files = (
			);
			runOnlyForDeploymentPostprocessing = 0;
		};
		7EDA00082FD0A00000000001 /* Resources */ = {
			isa = PBXResourcesBuildPhase;
			buildActionMask = 2147483647;
			files = (
			);
			runOnlyForDeploymentPostprocessing = 0;
		};
/* End PBXResourcesBuildPhase section */

/* Begin PBXSourcesBuildPhase section */
		7E1EC7172FCA67820085D0D3 /* Sources */ = {
			isa = PBXSourcesBuildPhase;
			buildActionMask = 2147483647;
			files = (
			);
			runOnlyForDeploymentPostprocessing = 0;
		};
		7E1EC7242FCA67840085D0D3 /* Sources */ = {
			isa = PBXSourcesBuildPhase;
			buildActionMask = 2147483647;
			files = (
			);
			runOnlyForDeploymentPostprocessing = 0;
		};
		7EDA00062FD0A00000000001 /* Sources */ = {
			isa = PBXSourcesBuildPhase;
			buildActionMask = 2147483647;
			files = (
			);
			runOnlyForDeploymentPostprocessing = 0;
		};
/* End PBXSourcesBuildPhase section */

/* Begin PBXTargetDependency section */
		7E1EC72A2FCA67840085D0D3 /* PBXTargetDependency */ = {
			isa = PBXTargetDependency;
			target = 7E1EC71A2FCA67820085D0D3 /* RoomStudioCapture */;
			targetProxy = 7E1EC7292FCA67840085D0D3 /* PBXContainerItemProxy */;
		};
		7EDA000E2FD0A00000000001 /* PBXTargetDependency */ = {
			isa = PBXTargetDependency;
			target = 7EDA00052FD0A00000000001 /* RoomStudioLiveActivity */;
			targetProxy = 7EDA000D2FD0A00000000001 /* PBXContainerItemProxy */;
		};
/* End PBXTargetDependency section */

/* Begin XCBuildConfiguration section */
		7E1EC73A2FCA67840085D0D3 /* Debug */ = {
			isa = XCBuildConfiguration;
			buildSettings = {
				ALWAYS_SEARCH_USER_PATHS = NO;
				ASSETCATALOG_COMPILER_GENERATE_SWIFT_ASSET_SYMBOL_EXTENSIONS = YES;
				CLANG_ANALYZER_NONNULL = YES;
				CLANG_ANALYZER_NUMBER_OBJECT_CONVERSION = YES_AGGRESSIVE;
				CLANG_CXX_LANGUAGE_STANDARD = "gnu++20";
				CLANG_ENABLE_MODULES = YES;
				CLANG_ENABLE_OBJC_ARC = YES;
				CLANG_ENABLE_OBJC_WEAK = YES;
				CLANG_WARN_BLOCK_CAPTURE_AUTORELEASING = YES;
				CLANG_WARN_BOOL_CONVERSION = YES;
				CLANG_WARN_COMMA = YES;
				CLANG_WARN_CONSTANT_CONVERSION = YES;
				CLANG_WARN_DEPRECATED_OBJC_IMPLEMENTATIONS = YES;
				CLANG_WARN_DIRECT_OBJC_ISA_USAGE = YES_ERROR;
				CLANG_WARN_DOCUMENTATION_COMMENTS = YES;
				CLANG_WARN_EMPTY_BODY = YES;
				CLANG_WARN_ENUM_CONVERSION = YES;
				CLANG_WARN_INFINITE_RECURSION = YES;
				CLANG_WARN_INT_CONVERSION = YES;
				CLANG_WARN_NON_LITERAL_NULL_CONVERSION = YES;
				CLANG_WARN_OBJC_IMPLICIT_RETAIN_SELF = YES;
				CLANG_WARN_OBJC_LITERAL_CONVERSION = YES;
				CLANG_WARN_OBJC_ROOT_CLASS = YES_ERROR;
				CLANG_WARN_QUOTED_INCLUDE_IN_FRAMEWORK_HEADER = YES;
				CLANG_WARN_RANGE_LOOP_ANALYSIS = YES;
				CLANG_WARN_STRICT_PROTOTYPES = YES;
				CLANG_WARN_SUSPICIOUS_MOVE = YES;
				CLANG_WARN_UNGUARDED_AVAILABILITY = YES_AGGRESSIVE;
				CLANG_WARN_UNREACHABLE_CODE = YES;
				CLANG_WARN__DUPLICATE_METHOD_MATCH = YES;
				COPY_PHASE_STRIP = NO;
				DEBUG_INFORMATION_FORMAT = dwarf;
				DEVELOPMENT_TEAM = 3HU2SP8346;
				ENABLE_STRICT_OBJC_MSGSEND = YES;
				ENABLE_TESTABILITY = YES;
				ENABLE_USER_SCRIPT_SANDBOXING = YES;
				GCC_C_LANGUAGE_STANDARD = gnu17;
				GCC_DYNAMIC_NO_PIC = NO;
				GCC_NO_COMMON_BLOCKS = YES;
				GCC_OPTIMIZATION_LEVEL = 0;
				GCC_PREPROCESSOR_DEFINITIONS = (
					"DEBUG=1",
					"$(inherited)",
				);
				GCC_WARN_64_TO_32_BIT_CONVERSION = YES;
				GCC_WARN_ABOUT_RETURN_TYPE = YES_ERROR;
				GCC_WARN_UNDECLARED_SELECTOR = YES;
				GCC_WARN_UNINITIALIZED_AUTOS = YES_AGGRESSIVE;
				GCC_WARN_UNUSED_FUNCTION = YES;
				GCC_WARN_UNUSED_VARIABLE = YES;
				IPHONEOS_DEPLOYMENT_TARGET = 26.5;
				LOCALIZATION_PREFERS_STRING_CATALOGS = YES;
				MTL_ENABLE_DEBUG_INFO = INCLUDE_SOURCE;
				MTL_FAST_MATH = YES;
				ONLY_ACTIVE_ARCH = YES;
				SDKROOT = iphoneos;
				SWIFT_ACTIVE_COMPILATION_CONDITIONS = "DEBUG $(inherited)";
				SWIFT_OPTIMIZATION_LEVEL = "-Onone";
			};
			name = Debug;
		};
		7E1EC73B2FCA67840085D0D3 /* Release */ = {
			isa = XCBuildConfiguration;
			buildSettings = {
				ALWAYS_SEARCH_USER_PATHS = NO;
				ASSETCATALOG_COMPILER_GENERATE_SWIFT_ASSET_SYMBOL_EXTENSIONS = YES;
				CLANG_ANALYZER_NONNULL = YES;
				CLANG_ANALYZER_NUMBER_OBJECT_CONVERSION = YES_AGGRESSIVE;
				CLANG_CXX_LANGUAGE_STANDARD = "gnu++20";
				CLANG_ENABLE_MODULES = YES;
				CLANG_ENABLE_OBJC_ARC = YES;
				CLANG_ENABLE_OBJC_WEAK = YES;
				CLANG_WARN_BLOCK_CAPTURE_AUTORELEASING = YES;
				CLANG_WARN_BOOL_CONVERSION = YES;
				CLANG_WARN_COMMA = YES;
				CLANG_WARN_CONSTANT_CONVERSION = YES;
				CLANG_WARN_DEPRECATED_OBJC_IMPLEMENTATIONS = YES;
				CLANG_WARN_DIRECT_OBJC_ISA_USAGE = YES_ERROR;
				CLANG_WARN_DOCUMENTATION_COMMENTS = YES;
				CLANG_WARN_EMPTY_BODY = YES;
				CLANG_WARN_ENUM_CONVERSION = YES;
				CLANG_WARN_INFINITE_RECURSION = YES;
				CLANG_WARN_INT_CONVERSION = YES;
				CLANG_WARN_NON_LITERAL_NULL_CONVERSION = YES;
				CLANG_WARN_OBJC_IMPLICIT_RETAIN_SELF = YES;
				CLANG_WARN_OBJC_LITERAL_CONVERSION = YES;
				CLANG_WARN_OBJC_ROOT_CLASS = YES_ERROR;
				CLANG_WARN_QUOTED_INCLUDE_IN_FRAMEWORK_HEADER = YES;
				CLANG_WARN_RANGE_LOOP_ANALYSIS = YES;
				CLANG_WARN_STRICT_PROTOTYPES = YES;
				CLANG_WARN_SUSPICIOUS_MOVE = YES;
				CLANG_WARN_UNGUARDED_AVAILABILITY = YES_AGGRESSIVE;
				CLANG_WARN_UNREACHABLE_CODE = YES;
				CLANG_WARN__DUPLICATE_METHOD_MATCH = YES;
				COPY_PHASE_STRIP = NO;
				DEBUG_INFORMATION_FORMAT = "dwarf-with-dsym";
				DEVELOPMENT_TEAM = 3HU2SP8346;
				ENABLE_NS_ASSERTIONS = NO;
				ENABLE_STRICT_OBJC_MSGSEND = YES;
				ENABLE_USER_SCRIPT_SANDBOXING = YES;
				GCC_C_LANGUAGE_STANDARD = gnu17;
				GCC_NO_COMMON_BLOCKS = YES;
				GCC_WARN_64_TO_32_BIT_CONVERSION = YES;
				GCC_WARN_ABOUT_RETURN_TYPE = YES_ERROR;
				GCC_WARN_UNDECLARED_SELECTOR = YES;
				GCC_WARN_UNINITIALIZED_AUTOS = YES_AGGRESSIVE;
				GCC_WARN_UNUSED_FUNCTION = YES;
				GCC_WARN_UNUSED_VARIABLE = YES;
				IPHONEOS_DEPLOYMENT_TARGET = 26.5;
				LOCALIZATION_PREFERS_STRING_CATALOGS = YES;
				MTL_ENABLE_DEBUG_INFO = NO;
				MTL_FAST_MATH = YES;
				SDKROOT = iphoneos;
				SWIFT_COMPILATION_MODE = wholemodule;
				VALIDATE_PRODUCT = YES;
			};
			name = Release;
		};
		7E1EC73D2FCA67840085D0D3 /* Debug */ = {
			isa = XCBuildConfiguration;
			buildSettings = {
				ASSETCATALOG_COMPILER_APPICON_NAME = AppIcon;
				ASSETCATALOG_COMPILER_GLOBAL_ACCENT_COLOR_NAME = AccentColor;
				CODE_SIGN_ENTITLEMENTS = RoomStudioCapture.entitlements;
				CODE_SIGN_STYLE = Automatic;
				CURRENT_PROJECT_VERSION = 1;
				DEVELOPMENT_TEAM = 3HU2SP8346;
				ENABLE_PREVIEWS = YES;
				GENERATE_INFOPLIST_FILE = YES;
				INFOPLIST_FILE = "RoomStudioCapture-Info.plist";
				INFOPLIST_KEY_NSCameraUsageDescription = "RoomStudio captures your room with ARKit.";
				INFOPLIST_KEY_NSSupportsLiveActivities = YES;
				INFOPLIST_KEY_UIApplicationSceneManifest_Generation = YES;
				INFOPLIST_KEY_UIApplicationSupportsIndirectInputEvents = YES;
				INFOPLIST_KEY_UILaunchScreen_Generation = YES;
				INFOPLIST_KEY_UISupportedInterfaceOrientations_iPad = "UIInterfaceOrientationPortrait UIInterfaceOrientationPortraitUpsideDown UIInterfaceOrientationLandscapeLeft UIInterfaceOrientationLandscapeRight";
				INFOPLIST_KEY_UISupportedInterfaceOrientations_iPhone = "UIInterfaceOrientationPortrait UIInterfaceOrientationLandscapeLeft UIInterfaceOrientationLandscapeRight";
				LD_RUNPATH_SEARCH_PATHS = (
					"$(inherited)",
					"@executable_path/Frameworks",
				);
				MARKETING_VERSION = 1.0;
				PRODUCT_BUNDLE_IDENTIFIER = com.roomstudio.RoomStudioCapture;
				PRODUCT_NAME = "$(TARGET_NAME)";
				STRING_CATALOG_GENERATE_SYMBOLS = YES;
				SWIFT_APPROACHABLE_CONCURRENCY = YES;
				SWIFT_DEFAULT_ACTOR_ISOLATION = MainActor;
				SWIFT_EMIT_LOC_STRINGS = YES;
				SWIFT_UPCOMING_FEATURE_MEMBER_IMPORT_VISIBILITY = YES;
				SWIFT_VERSION = 5.0;
				TARGETED_DEVICE_FAMILY = "1,2";
			};
			name = Debug;
		};
		7E1EC73E2FCA67840085D0D3 /* Release */ = {
			isa = XCBuildConfiguration;
			buildSettings = {
				ASSETCATALOG_COMPILER_APPICON_NAME = AppIcon;
				ASSETCATALOG_COMPILER_GLOBAL_ACCENT_COLOR_NAME = AccentColor;
				CODE_SIGN_ENTITLEMENTS = RoomStudioCapture.entitlements;
				CODE_SIGN_STYLE = Automatic;
				CURRENT_PROJECT_VERSION = 1;
				DEVELOPMENT_TEAM = 3HU2SP8346;
				ENABLE_PREVIEWS = YES;
				GENERATE_INFOPLIST_FILE = YES;
				INFOPLIST_FILE = "RoomStudioCapture-Info.plist";
				INFOPLIST_KEY_NSCameraUsageDescription = "RoomStudio captures your room with ARKit.";
				INFOPLIST_KEY_NSSupportsLiveActivities = YES;
				INFOPLIST_KEY_UIApplicationSceneManifest_Generation = YES;
				INFOPLIST_KEY_UIApplicationSupportsIndirectInputEvents = YES;
				INFOPLIST_KEY_UILaunchScreen_Generation = YES;
				INFOPLIST_KEY_UISupportedInterfaceOrientations_iPad = "UIInterfaceOrientationPortrait UIInterfaceOrientationPortraitUpsideDown UIInterfaceOrientationLandscapeLeft UIInterfaceOrientationLandscapeRight";
				INFOPLIST_KEY_UISupportedInterfaceOrientations_iPhone = "UIInterfaceOrientationPortrait UIInterfaceOrientationLandscapeLeft UIInterfaceOrientationLandscapeRight";
				LD_RUNPATH_SEARCH_PATHS = (
					"$(inherited)",
					"@executable_path/Frameworks",
				);
				MARKETING_VERSION = 1.0;
				PRODUCT_BUNDLE_IDENTIFIER = com.roomstudio.RoomStudioCapture;
				PRODUCT_NAME = "$(TARGET_NAME)";
				STRING_CATALOG_GENERATE_SYMBOLS = YES;
				SWIFT_APPROACHABLE_CONCURRENCY = YES;
				SWIFT_DEFAULT_ACTOR_ISOLATION = MainActor;
				SWIFT_EMIT_LOC_STRINGS = YES;
				SWIFT_UPCOMING_FEATURE_MEMBER_IMPORT_VISIBILITY = YES;
				SWIFT_VERSION = 5.0;
				TARGETED_DEVICE_FAMILY = "1,2";
			};
			name = Release;
		};
		7E1EC7402FCA67840085D0D3 /* Debug */ = {
			isa = XCBuildConfiguration;
			buildSettings = {
				BUNDLE_LOADER = "$(TEST_HOST)";
				CODE_SIGN_STYLE = Automatic;
				CURRENT_PROJECT_VERSION = 1;
				DEVELOPMENT_TEAM = 3HU2SP8346;
				GENERATE_INFOPLIST_FILE = YES;
				IPHONEOS_DEPLOYMENT_TARGET = 26.5;
				MARKETING_VERSION = 1.0;
				PRODUCT_BUNDLE_IDENTIFIER = com.roomstudio.RoomStudioCaptureTests;
				PRODUCT_NAME = "$(TARGET_NAME)";
				STRING_CATALOG_GENERATE_SYMBOLS = NO;
				SWIFT_APPROACHABLE_CONCURRENCY = YES;
				SWIFT_EMIT_LOC_STRINGS = NO;
				SWIFT_UPCOMING_FEATURE_MEMBER_IMPORT_VISIBILITY = YES;
				SWIFT_VERSION = 5.0;
				TARGETED_DEVICE_FAMILY = "1,2";
				TEST_HOST = "$(BUILT_PRODUCTS_DIR)/RoomStudioCapture.app/$(BUNDLE_EXECUTABLE_FOLDER_PATH)/RoomStudioCapture";
			};
			name = Debug;
		};
		7E1EC7412FCA67840085D0D3 /* Release */ = {
			isa = XCBuildConfiguration;
			buildSettings = {
				BUNDLE_LOADER = "$(TEST_HOST)";
				CODE_SIGN_STYLE = Automatic;
				CURRENT_PROJECT_VERSION = 1;
				DEVELOPMENT_TEAM = 3HU2SP8346;
				GENERATE_INFOPLIST_FILE = YES;
				IPHONEOS_DEPLOYMENT_TARGET = 26.5;
				MARKETING_VERSION = 1.0;
				PRODUCT_BUNDLE_IDENTIFIER = com.roomstudio.RoomStudioCaptureTests;
				PRODUCT_NAME = "$(TARGET_NAME)";
				STRING_CATALOG_GENERATE_SYMBOLS = NO;
				SWIFT_APPROACHABLE_CONCURRENCY = YES;
				SWIFT_EMIT_LOC_STRINGS = NO;
				SWIFT_UPCOMING_FEATURE_MEMBER_IMPORT_VISIBILITY = YES;
				SWIFT_VERSION = 5.0;
				TARGETED_DEVICE_FAMILY = "1,2";
				TEST_HOST = "$(BUILT_PRODUCTS_DIR)/RoomStudioCapture.app/$(BUNDLE_EXECUTABLE_FOLDER_PATH)/RoomStudioCapture";
			};
			name = Release;
		};
		7EDA000A2FD0A00000000001 /* Debug */ = {
			isa = XCBuildConfiguration;
			buildSettings = {
				CODE_SIGN_STYLE = Automatic;
				CURRENT_PROJECT_VERSION = 1;
				DEVELOPMENT_TEAM = 3HU2SP8346;
				GENERATE_INFOPLIST_FILE = YES;
				INFOPLIST_FILE = RoomStudioLiveActivity/Info.plist;
				INFOPLIST_KEY_CFBundleDisplayName = "Room status";
				IPHONEOS_DEPLOYMENT_TARGET = 26.5;
				LD_RUNPATH_SEARCH_PATHS = (
					"$(inherited)",
					"@executable_path/Frameworks",
					"@executable_path/../../Frameworks",
				);
				MARKETING_VERSION = 1.0;
				PRODUCT_BUNDLE_IDENTIFIER = com.roomstudio.RoomStudioCapture.LiveActivity;
				PRODUCT_NAME = "$(TARGET_NAME)";
				SKIP_INSTALL = YES;
				STRING_CATALOG_GENERATE_SYMBOLS = YES;
				SWIFT_APPROACHABLE_CONCURRENCY = YES;
				SWIFT_DEFAULT_ACTOR_ISOLATION = MainActor;
				SWIFT_EMIT_LOC_STRINGS = YES;
				SWIFT_UPCOMING_FEATURE_MEMBER_IMPORT_VISIBILITY = YES;
				SWIFT_VERSION = 5.0;
				TARGETED_DEVICE_FAMILY = "1,2";
			};
			name = Debug;
		};
		7EDA000B2FD0A00000000001 /* Release */ = {
			isa = XCBuildConfiguration;
			buildSettings = {
				CODE_SIGN_STYLE = Automatic;
				CURRENT_PROJECT_VERSION = 1;
				DEVELOPMENT_TEAM = 3HU2SP8346;
				GENERATE_INFOPLIST_FILE = YES;
				INFOPLIST_FILE = RoomStudioLiveActivity/Info.plist;
				INFOPLIST_KEY_CFBundleDisplayName = "Room status";
				IPHONEOS_DEPLOYMENT_TARGET = 26.5;
				LD_RUNPATH_SEARCH_PATHS = (
					"$(inherited)",
					"@executable_path/Frameworks",
					"@executable_path/../../Frameworks",
				);
				MARKETING_VERSION = 1.0;
				PRODUCT_BUNDLE_IDENTIFIER = com.roomstudio.RoomStudioCapture.LiveActivity;
				PRODUCT_NAME = "$(TARGET_NAME)";
				SKIP_INSTALL = YES;
				STRING_CATALOG_GENERATE_SYMBOLS = YES;
				SWIFT_APPROACHABLE_CONCURRENCY = YES;
				SWIFT_DEFAULT_ACTOR_ISOLATION = MainActor;
				SWIFT_EMIT_LOC_STRINGS = YES;
				SWIFT_UPCOMING_FEATURE_MEMBER_IMPORT_VISIBILITY = YES;
				SWIFT_VERSION = 5.0;
				TARGETED_DEVICE_FAMILY = "1,2";
			};
			name = Release;
		};
/* End XCBuildConfiguration section */

/* Begin XCConfigurationList section */
		7E1EC7162FCA67820085D0D3 /* Build configuration list for PBXProject "RoomStudioCapture" */ = {
			isa = XCConfigurationList;
			buildConfigurations = (
				7E1EC73A2FCA67840085D0D3 /* Debug */,
				7E1EC73B2FCA67840085D0D3 /* Release */,
			);
			defaultConfigurationIsVisible = 0;
			defaultConfigurationName = Release;
		};
		7E1EC73C2FCA67840085D0D3 /* Build configuration list for PBXNativeTarget "RoomStudioCapture" */ = {
			isa = XCConfigurationList;
			buildConfigurations = (
				7E1EC73D2FCA67840085D0D3 /* Debug */,
				7E1EC73E2FCA67840085D0D3 /* Release */,
			);
			defaultConfigurationIsVisible = 0;
			defaultConfigurationName = Release;
		};
		7E1EC73F2FCA67840085D0D3 /* Build configuration list for PBXNativeTarget "RoomStudioCaptureTests" */ = {
			isa = XCConfigurationList;
			buildConfigurations = (
				7E1EC7402FCA67840085D0D3 /* Debug */,
				7E1EC7412FCA67840085D0D3 /* Release */,
			);
			defaultConfigurationIsVisible = 0;
			defaultConfigurationName = Release;
		};
		7EDA000C2FD0A00000000001 /* Build configuration list for PBXNativeTarget "RoomStudioLiveActivity" */ = {
			isa = XCConfigurationList;
			buildConfigurations = (
				7EDA000A2FD0A00000000001 /* Debug */,
				7EDA000B2FD0A00000000001 /* Release */,
			);
			defaultConfigurationIsVisible = 0;
			defaultConfigurationName = Release;
		};
/* End XCConfigurationList section */

/* Begin XCRemoteSwiftPackageReference section */
		7E21B2FC2FCAFA4700823738 /* XCRemoteSwiftPackageReference "swift-protobuf" */ = {
			isa = XCRemoteSwiftPackageReference;
			repositoryURL = "https://github.com/apple/swift-protobuf.git";
			requirement = {
				kind = upToNextMajorVersion;
				minimumVersion = 1.38.0;
			};
		};
		7EAA00012FCBFF0000000001 /* XCRemoteSwiftPackageReference "firebase-ios-sdk" */ = {
			isa = XCRemoteSwiftPackageReference;
			repositoryURL = "https://github.com/firebase/firebase-ios-sdk.git";
			requirement = {
				kind = upToNextMajorVersion;
				minimumVersion = 11.0.0;
			};
		};
		7E6600012FD4A00000000001 /* XCRemoteSwiftPackageReference "GoogleSignIn-iOS" */ = {
			isa = XCRemoteSwiftPackageReference;
			repositoryURL = "https://github.com/google/GoogleSignIn-iOS.git";
			requirement = {
				kind = upToNextMajorVersion;
				minimumVersion = 9.0.0;
			};
		};
/* End XCRemoteSwiftPackageReference section */

/* Begin XCSwiftPackageProductDependency section */
		7E21B2FD2FCAFA4700823738 /* SwiftProtobuf */ = {
			isa = XCSwiftPackageProductDependency;
			package = 7E21B2FC2FCAFA4700823738 /* XCRemoteSwiftPackageReference "swift-protobuf" */;
			productName = SwiftProtobuf;
		};
		7EAA00022FCBFF0000000001 /* FirebaseCore */ = {
			isa = XCSwiftPackageProductDependency;
			package = 7EAA00012FCBFF0000000001 /* XCRemoteSwiftPackageReference "firebase-ios-sdk" */;
			productName = FirebaseCore;
		};
		7EAA00032FCBFF0000000001 /* FirebaseAuth */ = {
			isa = XCSwiftPackageProductDependency;
			package = 7EAA00012FCBFF0000000001 /* XCRemoteSwiftPackageReference "firebase-ios-sdk" */;
			productName = FirebaseAuth;
		};
		7E6600022FD4A00000000001 /* GoogleSignIn */ = {
			isa = XCSwiftPackageProductDependency;
			package = 7E6600012FD4A00000000001 /* XCRemoteSwiftPackageReference "GoogleSignIn-iOS" */;
			productName = GoogleSignIn;
		};
		7E6600032FD4A00000000001 /* GoogleSignInSwift */ = {
			isa = XCSwiftPackageProductDependency;
			package = 7E6600012FD4A00000000001 /* XCRemoteSwiftPackageReference "GoogleSignIn-iOS" */;
			productName = GoogleSignInSwift;
		};
/* End XCSwiftPackageProductDependency section */
	};
	rootObject = 7E1EC7132FCA67820085D0D3 /* Project object */;
}
